
Microsoft Visual Studio Solution File, Format Version 12.00
# Visual Studio 15
VisualStudioVersion = 15.0.28010.2048
MinimumVisualStudioVersion = 10.0.40219.1
Project("{FAE04EC0-301F-11D3-BF4B-00C04F79EFBC}") = "tabla66", "tabla66\tabla66.csproj", "{DC2A63DC-38C9-4095-BE96-2F5CACE6D1C5}"
EndProject
Global
	GlobalSection(SolutionConfigurationPlatforms) = preSolution
		Debug|Any CPU = Debug|Any CPU
		Release|Any CPU = Release|Any CPU
	EndGlobalSection
	GlobalSection(ProjectConfigurationPlatforms) = postSolution
		{DC2A63DC-38C9-4095-BE96-2F5CACE6D1C5}.Debug|Any CPU.ActiveCfg = Debug|Any CPU
		{DC2A63DC-38C9-4095-BE96-2F5CACE6D1C5}.Debug|Any CPU.Build.0 = Debug|Any CPU
		{DC2A63DC-38C9-4095-BE96-2F5CACE6D1C5}.Release|Any CPU.ActiveCfg = Release|Any CPU
		{DC2A63DC-38C9-4095-BE96-2F5CACE6D1C5}.Release|Any CPU.Build.0 = Release|Any CPU
	EndGlobalSection
	GlobalSection(SolutionProperties) = preSolution
		HideSolutionNode = FALSE
	EndGlobalSection
	GlobalSection(ExtensibilityGlobals) = postSolution
		SolutionGuid = {CEEFE80B-B0F1-4A22-986F-2EFF820260F2}
	EndGlobalSection
EndGlobal
